
Microsoft Visual Studio Solution File, Format Version 12.00
# Visual Studio 2012
Project("{FAE04EC0-301F-11D3-BF4B-00C04F79EFBC}") = "AJAXCallTest", "AJAXCallTest\AJAXCallTest.csproj", "{7A596164-0D76-4A1D-823E-D311A71CE9BA}"
EndProject
Global
	GlobalSection(SolutionConfigurationPlatforms) = preSolution
		Debug|Any CPU = Debug|Any CPU
		Release|Any CPU = Release|Any CPU
	EndGlobalSection
	GlobalSection(ProjectConfigurationPlatforms) = postSolution
		{7A596164-0D76-4A1D-823E-D311A71CE9BA}.Debug|Any CPU.ActiveCfg = Debug|Any CPU
		{7A596164-0D76-4A1D-823E-D311A71CE9BA}.Debug|Any CPU.Build.0 = Debug|Any CPU
		{7A596164-0D76-4A1D-823E-D311A71CE9BA}.Release|Any CPU.ActiveCfg = Release|Any CPU
		{7A596164-0D76-4A1D-823E-D311A71CE9BA}.Release|Any CPU.Build.0 = Release|Any CPU
	EndGlobalSection
	GlobalSection(SolutionProperties) = preSolution
		HideSolutionNode = FALSE
	EndGlobalSection
EndGlobal
